// !$*UTF8*$!
{
	archiveVersion = 1;
	classes = {
	};
	objectVersion = 46;
	objects = {

/* Begin PBXBuildFile section */
		F5B49AFF1DFB3D7600556DA6 /* GetViewController.swift in Sources */ = {isa = PBXBuildFile; fileRef = F5B49AFE1DFB3D7600556DA6 /* GetViewController.swift */; };
		F5B49B011DFB3D8100556DA6 /* PostViewController.swift in Sources */ = {isa = PBXBuildFile; fileRef = F5B49B001DFB3D8100556DA6 /* PostViewController.swift */; };
		F5F6ECFB1DF9F41F00D1F1E9 /* AppDelegate.swift in Sources */ = {isa = PBXBuildFile; fileRef = F5F6ECFA1DF9F41F00D1F1E9 /* AppDelegate.swift */; };
		F5F6ECFD1DF9F41F00D1F1E9 /* ViewController.swift in Sources */ = {isa = PBXBuildFile; fileRef = F5F6ECFC1DF9F41F00D1F1E9 /* ViewController.swift */; };
		F5F6ED001DF9F41F00D1F1E9 /* Main.storyboard in Resources */ = {isa = PBXBuildFile; fileRef = F5F6ECFE1DF9F41F00D1F1E9 /* Main.storyboard */; };
		F5F6ED021DF9F41F00D1F1E9 /* Assets.xcassets in Resources */ = {isa = PBXBuildFile; fileRef = F5F6ED011DF9F41F00D1F1E9 /* Assets.xcassets */; };
		F5F6ED051DF9F41F00D1F1E9 /* LaunchScreen.storyboard in Resources */ = {isa = PBXBuildFile; fileRef = F5F6ED031DF9F41F00D1F1E9 /* LaunchScreen.storyboard */; };
		F5F6ED0D1DF9F42B00D1F1E9 /* SwiftyJSON.framework in Frameworks */ = {isa = PBXBuildFile; fileRef = F5F6ED0C1DF9F42B00D1F1E9 /* SwiftyJSON.framework */; };
		F5F6ED0F1DF9F44D00D1F1E9 /* Alamofire.framework in Frameworks */ = {isa = PBXBuildFile; fileRef = F5F6ED0E1DF9F44D00D1F1E9 /* Alamofire.framework */; };
		F5F6ED111DF9F45A00D1F1E9 /* Alamofire.framework in CopyFiles */ = {isa = PBXBuildFile; fileRef = F5F6ED0E1DF9F44D00D1F1E9 /* Alamofire.framework */; settings = {ATTRIBUTES = (CodeSignOnCopy, RemoveHeadersOnCopy, ); }; };
		F5F6ED121DF9F45A00D1F1E9 /* SwiftyJSON.framework in CopyFiles */ = {isa = PBXBuildFile; fileRef = F5F6ED0C1DF9F42B00D1F1E9 /* SwiftyJSON.framework */; settings = {ATTRIBUTES = (CodeSignOnCopy, RemoveHeadersOnCopy, ); }; };
/* End PBXBuildFile section */

/* Begin PBXCopyFilesBuildPhase section */
		F5F6ED101DF9F45500D1F1E9 /* CopyFiles */ = {
			isa = PBXCopyFilesBuildPhase;
			buildActionMask = 2147483647;
			dstPath = "";
			dstSubfolderSpec = 7;
			files = (
				F5F6ED111DF9F45A00D1F1E9 /* Alamofire.framework in CopyFiles */,
				F5F6ED121DF9F45A00D1F1E9 /* SwiftyJSON.framework in CopyFiles */,
			);
			runOnlyForDeploymentPostprocessing = 0;
		};
/* End PBXCopyFilesBuildPhase section */

/* Begin PBXFileReference section */
		F5B49AFE1DFB3D7600556DA6 /* GetViewController.swift */ = {isa = PBXFileReference; fileEncoding = 4; lastKnownFileType = sourcecode.swift; path = GetViewController.swift; sourceTree = "<group>"; };
		F5B49B001DFB3D8100556DA6 /* PostViewController.swift */ = {isa = PBXFileReference; fileEncoding = 4; lastKnownFileType = sourcecode.swift; path = PostViewController.swift; sourceTree = "<group>"; };
		F5F6ECF71DF9F41F00D1F1E9 /* Final.app */ = {isa = PBXFileReference; explicitFileType = wrapper.application; includeInIndex = 0; path = Final.app; sourceTree = BUILT_PRODUCTS_DIR; };
		F5F6ECFA1DF9F41F00D1F1E9 /* AppDelegate.swift */ = {isa = PBXFileReference; lastKnownFileType = sourcecode.swift; path = AppDelegate.swift; sourceTree = "<group>"; };
		F5F6ECFC1DF9F41F00D1F1E9 /* ViewController.swift */ = {isa = PBXFileReference; lastKnownFileType = sourcecode.swift; path = ViewController.swift; sourceTree = "<group>"; };
		F5F6ECFF1DF9F41F00D1F1E9 /* Base */ = {isa = PBXFileReference; lastKnownFileType = file.storyboard; name = Base; path = Base.lproj/Main.storyboard; sourceTree = "<group>"; };
		F5F6ED011DF9F41F00D1F1E9 /* Assets.xcassets */ = {isa = PBXFileReference; lastKnownFileType = folder.assetcatalog; path = Assets.xcassets; sourceTree = "<group>"; };
		F5F6ED041DF9F41F00D1F1E9 /* Base */ = {isa = PBXFileReference; lastKnownFileType = file.storyboard; name = Base; path = Base.lproj/LaunchScreen.storyboard; sourceTree = "<group>"; };
		F5F6ED061DF9F41F00D1F1E9 /* Info.plist */ = {isa = PBXFileReference; lastKnownFileType = text.plist.xml; path = Info.plist; sourceTree = "<group>"; };
		F5F6ED0C1DF9F42B00D1F1E9 /* SwiftyJSON.framework */ = {isa = PBXFileReference; lastKnownFileType = wrapper.framework; path = SwiftyJSON.framework; sourceTree = "<group>"; };
		F5F6ED0E1DF9F44D00D1F1E9 /* Alamofire.framework */ = {isa = PBXFileReference; lastKnownFileType = wrapper.framework; path = Alamofire.framework; sourceTree = "<group>"; };
/* End PBXFileReference section */

/* Begin PBXFrameworksBuildPhase section */
		F5F6ECF41DF9F41F00D1F1E9 /* Frameworks */ = {
			isa = PBXFrameworksBuildPhase;
			buildActionMask = 2147483647;
			files = (
				F5F6ED0D1DF9F42B00D1F1E9 /* SwiftyJSON.framework in Frameworks */,
				F5F6ED0F1DF9F44D00D1F1E9 /* Alamofire.framework in Frameworks */,
			);
			runOnlyForDeploymentPostprocessing = 0;
		};
/* End PBXFrameworksBuildPhase section */

/* Begin PBXGroup section */
		F5F6ECEE1DF9F41F00D1F1E9 = {
			isa = PBXGroup;
			children = (
				F5F6ED0E1DF9F44D00D1F1E9 /* Alamofire.framework */,
				F5F6ED0C1DF9F42B00D1F1E9 /* SwiftyJSON.framework */,
				F5F6ECF91DF9F41F00D1F1E9 /* Final */,
				F5F6ECF81DF9F41F00D1F1E9 /* Products */,
			);
			sourceTree = "<group>";
		};
		F5F6ECF81DF9F41F00D1F1E9 /* Products */ = {
			isa = PBXGroup;
			children = (
				F5F6ECF71DF9F41F00D1F1E9 /* Final.app */,
			);
			name = Products;
			sourceTree = "<group>";
		};
		F5F6ECF91DF9F41F00D1F1E9 /* Final */ = {
			isa = PBXGroup;
			children = (
				F5F6ECFA1DF9F41F00D1F1E9 /* AppDelegate.swift */,
				F5F6ECFC1DF9F41F00D1F1E9 /* ViewController.swift */,
				F5B49AFE1DFB3D7600556DA6 /* GetViewController.swift */,
				F5B49B001DFB3D8100556DA6 /* PostViewController.swift */,
				F5F6ECFE1DF9F41F00D1F1E9 /* Main.storyboard */,
				F5F6ED011DF9F41F00D1F1E9 /* Assets.xcassets */,
				F5F6ED031DF9F41F00D1F1E9 /* LaunchScreen.storyboard */,
				F5F6ED061DF9F41F00D1F1E9 /* Info.plist */,
			);
			path = Final;
			sourceTree = "<group>";
		};
/* End PBXGroup section */

/* Begin PBXNativeTarget section */
		F5F6ECF61DF9F41F00D1F1E9 /* Final */ = {
			isa = PBXNativeTarget;
			buildConfigurationList = F5F6ED091DF9F41F00D1F1E9 /* Build configuration list for PBXNativeTarget "Final" */;
			buildPhases = (
				F5F6ECF31DF9F41F00D1F1E9 /* Sources */,
				F5F6ECF41DF9F41F00D1F1E9 /* Frameworks */,
				F5F6ECF51DF9F41F00D1F1E9 /* Resources */,
				F5F6ED101DF9F45500D1F1E9 /* CopyFiles */,
			);
			buildRules = (
			);
			dependencies = (
			);
			name = Final;
			productName = Final;
			productReference = F5F6ECF71DF9F41F00D1F1E9 /* Final.app */;
			productType = "com.apple.product-type.application";
		};
/* End PBXNativeTarget section */

/* Begin PBXProject section */
		F5F6ECEF1DF9F41F00D1F1E9 /* Project object */ = {
			isa = PBXProject;
			attributes = {
				LastSwiftUpdateCheck = 0810;
				LastUpgradeCheck = 0810;
				ORGANIZATIONNAME = "Tanner Helton";
				TargetAttributes = {
					F5F6ECF61DF9F41F00D1F1E9 = {
						CreatedOnToolsVersion = 8.1;
						DevelopmentTeam = AYKVARE9ZK;
						ProvisioningStyle = Automatic;
					};
				};
			};
			buildConfigurationList = F5F6ECF21DF9F41F00D1F1E9 /* Build configuration list for PBXProject "Final" */;
			compatibilityVersion = "Xcode 3.2";
			developmentRegion = English;
			hasScannedForEncodings = 0;
			knownRegions = (
				en,
				Base,
			);
			mainGroup = F5F6ECEE1DF9F41F00D1F1E9;
			productRefGroup = F5F6ECF81DF9F41F00D1F1E9 /* Products */;
			projectDirPath = "";
			projectRoot = "";
			targets = (
				F5F6ECF61DF9F41F00D1F1E9 /* Final */,
			);
		};
/* End PBXProject section */

/* Begin PBXResourcesBuildPhase section */
		F5F6ECF51DF9F41F00D1F1E9 /* Resources */ = {
			isa = PBXResourcesBuildPhase;
			buildActionMask = 2147483647;
			files = (
				F5F6ED051DF9F41F00D1F1E9 /* LaunchScreen.storyboard in Resources */,
				F5F6ED021DF9F41F00D1F1E9 /* Assets.xcassets in Resources */,
				F5F6ED001DF9F41F00D1F1E9 /* Main.storyboard in Resources */,
			);
			runOnlyForDeploymentPostprocessing = 0;
		};
/* End PBXResourcesBuildPhase section */

/* Begin PBXSourcesBuildPhase section */
		F5F6ECF31DF9F41F00D1F1E9 /* Sources */ = {
			isa = PBXSourcesBuildPhase;
			buildActionMask = 2147483647;
			files = (
				F5B49B011DFB3D8100556DA6 /* PostViewController.swift in Sources */,
				F5B49AFF1DFB3D7600556DA6 /* GetViewController.swift in Sources */,
				F5F6ECFD1DF9F41F00D1F1E9 /* ViewController.swift in Sources */,
				F5F6ECFB1DF9F41F00D1F1E9 /* AppDelegate.swift in Sources */,
			);
			runOnlyForDeploymentPostprocessing = 0;
		};
/* End PBXSourcesBuildPhase section */

/* Begin PBXVariantGroup section */
		F5F6ECFE1DF9F41F00D1F1E9 /* Main.storyboard */ = {
			isa = PBXVariantGroup;
			children = (
				F5F6ECFF1DF9F41F00D1F1E9 /* Base */,
			);
			name = Main.storyboard;
			sourceTree = "<group>";
		};
		F5F6ED031DF9F41F00D1F1E9 /* LaunchScreen.storyboard */ = {
			isa = PBXVariantGroup;
			children = (
				F5F6ED041DF9F41F00D1F1E9 /* Base */,
			);
			name = LaunchScreen.storyboard;
			sourceTree = "<group>";
		};
/* End PBXVariantGroup section */

/* Begin XCBuildConfiguration section */
		F5F6ED071DF9F41F00D1F1E9 /* Debug */ = {
			isa = XCBuildConfiguration;
			buildSettings = {
				ALWAYS_SEARCH_USER_PATHS = NO;
				CLANG_ANALYZER_NONNULL = YES;
				CLANG_CXX_LANGUAGE_STANDARD = "gnu++0x";
				CLANG_CXX_LIBRARY = "libc++";
				CLANG_ENABLE_MODULES = YES;
				CLANG_ENABLE_OBJC_ARC = YES;
				CLANG_WARN_BOOL_CONVERSION = YES;
				CLANG_WARN_CONSTANT_CONVERSION = YES;
				CLANG_WARN_DIRECT_OBJC_ISA_USAGE = YES_ERROR;
				CLANG_WARN_DOCUMENTATION_COMMENTS = YES;
				CLANG_WARN_EMPTY_BODY = YES;
				CLANG_WARN_ENUM_CONVERSION = YES;
				CLANG_WARN_INFINITE_RECURSION = YES;
				CLANG_WARN_INT_CONVERSION = YES;
				CLANG_WARN_OBJC_ROOT_CLASS = YES_ERROR;
				CLANG_WARN_SUSPICIOUS_MOVES = YES;
				CLANG_WARN_UNREACHABLE_CODE = YES;
				CLANG_WARN__DUPLICATE_METHOD_MATCH = YES;
				"CODE_SIGN_IDENTITY[sdk=iphoneos*]" = "iPhone Developer";
				COPY_PHASE_STRIP = NO;
				DEBUG_INFORMATION_FORMAT = dwarf;
				ENABLE_STRICT_OBJC_MSGSEND = YES;
				ENABLE_TESTABILITY = YES;
				GCC_C_LANGUAGE_STANDARD = gnu99;
				GCC_DYNAMIC_NO_PIC = NO;
				GCC_NO_COMMON_BLOCKS = YES;
				GCC_OPTIMIZATION_LEVEL = 0;
				GCC_PREPROCESSOR_DEFINITIONS = (
					"DEBUG=1",
					"$(inherited)",
				);
				GCC_WARN_64_TO_32_BIT_CONVERSION = YES;
				GCC_WARN_ABOUT_RETURN_TYPE = YES_ERROR;
				GCC_WARN_UNDECLARED_SELECTOR = YES;
				GCC_WARN_UNINITIALIZED_AUTOS = YES_AGGRESSIVE;
				GCC_WARN_UNUSED_FUNCTION = YES;
				GCC_WARN_UNUSED_VARIABLE = YES;
				IPHONEOS_DEPLOYMENT_TARGET = 10.1;
				MTL_ENABLE_DEBUG_INFO = YES;
				ONLY_ACTIVE_ARCH = YES;
				SDKROOT = iphoneos;
				SWIFT_ACTIVE_COMPILATION_CONDITIONS = DEBUG;
				SWIFT_OPTIMIZATION_LEVEL = "-Onone";
			};
			name = Debug;
		};
		F5F6ED081DF9F41F00D1F1E9 /* Release */ = {
			isa = XCBuildConfiguration;
			buildSettings = {
				ALWAYS_SEARCH_USER_PATHS = NO;
				CLANG_ANALYZER_NONNULL = YES;
				CLANG_CXX_LANGUAGE_STANDARD = "gnu++0x";
				CLANG_CXX_LIBRARY = "libc++";
				CLANG_ENABLE_MODULES = YES;
				CLANG_ENABLE_OBJC_ARC = YES;
				CLANG_WARN_BOOL_CONVERSION = YES;
				CLANG_WARN_CONSTANT_CONVERSION = YES;
				CLANG_WARN_DIRECT_OBJC_ISA_USAGE = YES_ERROR;
				CLANG_WARN_DOCUMENTATION_COMMENTS = YES;
				CLANG_WARN_EMPTY_BODY = YES;
				CLANG_WARN_ENUM_CONVERSION = YES;
				CLANG_WARN_INFINITE_RECURSION = YES;
				CLANG_WARN_INT_CONVERSION = YES;
				CLANG_WARN_OBJC_ROOT_CLASS = YES_ERROR;
				CLANG_WARN_SUSPICIOUS_MOVES = YES;
				CLANG_WARN_UNREACHABLE_CODE = YES;
				CLANG_WARN__DUPLICATE_METHOD_MATCH = YES;
				"CODE_SIGN_IDENTITY[sdk=iphoneos*]" = "iPhone Developer";
				COPY_PHASE_STRIP = NO;
				DEBUG_INFORMATION_FORMAT = "dwarf-with-dsym";
				ENABLE_NS_ASSERTIONS = NO;
				ENABLE_STRICT_OBJC_MSGSEND = YES;
				GCC_C_LANGUAGE_STANDARD = gnu99;
				GCC_NO_COMMON_BLOCKS = YES;
				GCC_WARN_64_TO_32_BIT_CONVERSION = YES;
				GCC_WARN_ABOUT_RETURN_TYPE = YES_ERROR;
				GCC_WARN_UNDECLARED_SELECTOR = YES;
				GCC_WARN_UNINITIALIZED_AUTOS = YES_AGGRESSIVE;
				GCC_WARN_UNUSED_FUNCTION = YES;
				GCC_WARN_UNUSED_VARIABLE = YES;
				IPHONEOS_DEPLOYMENT_TARGET = 10.1;
				MTL_ENABLE_DEBUG_INFO = NO;
				SDKROOT = iphoneos;
				SWIFT_OPTIMIZATION_LEVEL = "-Owholemodule";
				VALIDATE_PRODUCT = YES;
			};
			name = Release;
		};
		F5F6ED0A1DF9F41F00D1F1E9 /* Debug */ = {
			isa = XCBuildConfiguration;
			buildSettings = {
				ASSETCATALOG_COMPILER_APPICON_NAME = AppIcon;
				DEVELOPMENT_TEAM = AYKVARE9ZK;
				FRAMEWORK_SEARCH_PATHS = (
					"$(inherited)",
					"$(PROJECT_DIR)",
				);
				INFOPLIST_FILE = Final/Info.plist;
				LD_RUNPATH_SEARCH_PATHS = "$(inherited) @executable_path/Frameworks";
				PRODUCT_BUNDLE_IDENTIFIER = com.tannerhelton.Final;
				PRODUCT_NAME = "$(TARGET_NAME)";
				SWIFT_VERSION = 3.0;
			};
			name = Debug;
		};
		F5F6ED0B1DF9F41F00D1F1E9 /* Release */ = {
			isa = XCBuildConfiguration;
			buildSettings = {
				ASSETCATALOG_COMPILER_APPICON_NAME = AppIcon;
				DEVELOPMENT_TEAM = AYKVARE9ZK;
				FRAMEWORK_SEARCH_PATHS = (
					"$(inherited)",
					"$(PROJECT_DIR)",
				);
				INFOPLIST_FILE = Final/Info.plist;
				LD_RUNPATH_SEARCH_PATHS = "$(inherited) @executable_path/Frameworks";
				PRODUCT_BUNDLE_IDENTIFIER = com.tannerhelton.Final;
				PRODUCT_NAME = "$(TARGET_NAME)";
				SWIFT_VERSION = 3.0;
			};
			name = Release;
		};
/* End XCBuildConfiguration section */

/* Begin XCConfigurationList section */
		F5F6ECF21DF9F41F00D1F1E9 /* Build configuration list for PBXProject "Final" */ = {
			isa = XCConfigurationList;
			buildConfigurations = (
				F5F6ED071DF9F41F00D1F1E9 /* Debug */,
				F5F6ED081DF9F41F00D1F1E9 /* Release */,
			);
			defaultConfigurationIsVisible = 0;
			defaultConfigurationName = Release;
		};
		F5F6ED091DF9F41F00D1F1E9 /* Build configuration list for PBXNativeTarget "Final" */ = {
			isa = XCConfigurationList;
			buildConfigurations = (
				F5F6ED0A1DF9F41F00D1F1E9 /* Debug */,
				F5F6ED0B1DF9F41F00D1F1E9 /* Release */,
			);
			defaultConfigurationIsVisible = 0;
			defaultConfigurationName = Release;
		};
/* End XCConfigurationList section */
	};
	rootObject = F5F6ECEF1DF9F41F00D1F1E9 /* Project object */;
}
